
Microsoft Visual Studio Solution File, Format Version 12.00
# Visual Studio Version 17
VisualStudioVersion = 17.11.35327.3
MinimumVisualStudioVersion = 10.0.40219.1
Project("{FAE04EC0-301F-11D3-BF4B-00C04F79EFBC}") = "RockPaperScissors", "RockPaperScissors\RockPaperScissors.csproj", "{ED6BE097-34A7-4A6B-B4BE-EB7BE847DA84}"
EndProject
Global
	GlobalSection(SolutionConfigurationPlatforms) = preSolution
		Debug|Any CPU = Debug|Any CPU
		Release|Any CPU = Release|Any CPU
	EndGlobalSection
	GlobalSection(ProjectConfigurationPlatforms) = postSolution
		{ED6BE097-34A7-4A6B-B4BE-EB7BE847DA84}.Debug|Any CPU.ActiveCfg = Debug|Any CPU
		{ED6BE097-34A7-4A6B-B4BE-EB7BE847DA84}.Debug|Any CPU.Build.0 = Debug|Any CPU
		{ED6BE097-34A7-4A6B-B4BE-EB7BE847DA84}.Release|Any CPU.ActiveCfg = Release|Any CPU
		{ED6BE097-34A7-4A6B-B4BE-EB7BE847DA84}.Release|Any CPU.Build.0 = Release|Any CPU
	EndGlobalSection
	GlobalSection(SolutionProperties) = preSolution
		HideSolutionNode = FALSE
	EndGlobalSection
	GlobalSection(ExtensibilityGlobals) = postSolution
		SolutionGuid = {CE9F9D37-8B31-4736-95FB-176B23AAD66C}
	EndGlobalSection
EndGlobal
